
Microsoft Visual Studio Solution File, Format Version 12.00
# Visual Studio Version 17
VisualStudioVersion = 17.2.32616.157
MinimumVisualStudioVersion = 10.0.40219.1
Project("{9A19103F-16F7-4668-BE54-9A1E7A4F7556}") = "Singleton", "Singleton\Singleton.csproj", "{9812C818-DB47-41B0-89DE-F7B4A468CE22}"
EndProject
Project("{9A19103F-16F7-4668-BE54-9A1E7A4F7556}") = "FactoryMethod", "FactoryMethod\FactoryMethod.csproj", "{97D20227-01E0-46D2-9A64-9363C799C534}"
EndProject
Project("{9A19103F-16F7-4668-BE54-9A1E7A4F7556}") = "Adapter", "Adapter\Adapter.csproj", "{7FA29F01-8E79-4AC2-AB2D-B694AAFCC215}"
EndProject
Project("{9A19103F-16F7-4668-BE54-9A1E7A4F7556}") = "Strategy", "Strategy\Strategy.csproj", "{8D6A3DA7-FD8D-4A16-B30B-DFA6C9BFC799}"
EndProject
Project("{9A19103F-16F7-4668-BE54-9A1E7A4F7556}") = "Facade", "Facade\Facade.csproj", "{340C606F-A16C-43A1-994A-0B1780D7A505}"
EndProject
Project("{9A19103F-16F7-4668-BE54-9A1E7A4F7556}") = "Composite", "Composite\Composite.csproj", "{8A8C0FC2-47B6-4750-8B22-A0A2D35F9078}"
EndProject
Project("{9A19103F-16F7-4668-BE54-9A1E7A4F7556}") = "Observer", "Observer\Observer.csproj", "{EBD25F6C-91B1-4661-97F4-5DE588AE6C43}"
EndProject
Project("{9A19103F-16F7-4668-BE54-9A1E7A4F7556}") = "TemplateMethod", "TemplateMethod\TemplateMethod.csproj", "{447CB744-AE5C-4B99-B80E-8323638AC7E1}"
EndProject
Global
	GlobalSection(SolutionConfigurationPlatforms) = preSolution
		Debug|Any CPU = Debug|Any CPU
		Release|Any CPU = Release|Any CPU
	EndGlobalSection
	GlobalSection(ProjectConfigurationPlatforms) = postSolution
		{9812C818-DB47-41B0-89DE-F7B4A468CE22}.Debug|Any CPU.ActiveCfg = Debug|Any CPU
		{9812C818-DB47-41B0-89DE-F7B4A468CE22}.Debug|Any CPU.Build.0 = Debug|Any CPU
		{9812C818-DB47-41B0-89DE-F7B4A468CE22}.Release|Any CPU.ActiveCfg = Release|Any CPU
		{9812C818-DB47-41B0-89DE-F7B4A468CE22}.Release|Any CPU.Build.0 = Release|Any CPU
		{97D20227-01E0-46D2-9A64-9363C799C534}.Debug|Any CPU.ActiveCfg = Debug|Any CPU
		{97D20227-01E0-46D2-9A64-9363C799C534}.Debug|Any CPU.Build.0 = Debug|Any CPU
		{97D20227-01E0-46D2-9A64-9363C799C534}.Release|Any CPU.ActiveCfg = Release|Any CPU
		{97D20227-01E0-46D2-9A64-9363C799C534}.Release|Any CPU.Build.0 = Release|Any CPU
		{7FA29F01-8E79-4AC2-AB2D-B694AAFCC215}.Debug|Any CPU.ActiveCfg = Debug|Any CPU
		{7FA29F01-8E79-4AC2-AB2D-B694AAFCC215}.Debug|Any CPU.Build.0 = Debug|Any CPU
		{7FA29F01-8E79-4AC2-AB2D-B694AAFCC215}.Release|Any CPU.ActiveCfg = Release|Any CPU
		{7FA29F01-8E79-4AC2-AB2D-B694AAFCC215}.Release|Any CPU.Build.0 = Release|Any CPU
		{8D6A3DA7-FD8D-4A16-B30B-DFA6C9BFC799}.Debug|Any CPU.ActiveCfg = Debug|Any CPU
		{8D6A3DA7-FD8D-4A16-B30B-DFA6C9BFC799}.Debug|Any CPU.Build.0 = Debug|Any CPU
		{8D6A3DA7-FD8D-4A16-B30B-DFA6C9BFC799}.Release|Any CPU.ActiveCfg = Release|Any CPU
		{8D6A3DA7-FD8D-4A16-B30B-DFA6C9BFC799}.Release|Any CPU.Build.0 = Release|Any CPU
		{340C606F-A16C-43A1-994A-0B1780D7A505}.Debug|Any CPU.ActiveCfg = Debug|Any CPU
		{340C606F-A16C-43A1-994A-0B1780D7A505}.Debug|Any CPU.Build.0 = Debug|Any CPU
		{340C606F-A16C-43A1-994A-0B1780D7A505}.Release|Any CPU.ActiveCfg = Release|Any CPU
		{340C606F-A16C-43A1-994A-0B1780D7A505}.Release|Any CPU.Build.0 = Release|Any CPU
		{8A8C0FC2-47B6-4750-8B22-A0A2D35F9078}.Debug|Any CPU.ActiveCfg = Debug|Any CPU
		{8A8C0FC2-47B6-4750-8B22-A0A2D35F9078}.Debug|Any CPU.Build.0 = Debug|Any CPU
		{8A8C0FC2-47B6-4750-8B22-A0A2D35F9078}.Release|Any CPU.ActiveCfg = Release|Any CPU
		{8A8C0FC2-47B6-4750-8B22-A0A2D35F9078}.Release|Any CPU.Build.0 = Release|Any CPU
		{EBD25F6C-91B1-4661-97F4-5DE588AE6C43}.Debug|Any CPU.ActiveCfg = Debug|Any CPU
		{EBD25F6C-91B1-4661-97F4-5DE588AE6C43}.Debug|Any CPU.Build.0 = Debug|Any CPU
		{EBD25F6C-91B1-4661-97F4-5DE588AE6C43}.Release|Any CPU.ActiveCfg = Release|Any CPU
		{EBD25F6C-91B1-4661-97F4-5DE588AE6C43}.Release|Any CPU.Build.0 = Release|Any CPU
		{447CB744-AE5C-4B99-B80E-8323638AC7E1}.Debug|Any CPU.ActiveCfg = Debug|Any CPU
		{447CB744-AE5C-4B99-B80E-8323638AC7E1}.Debug|Any CPU.Build.0 = Debug|Any CPU
		{447CB744-AE5C-4B99-B80E-8323638AC7E1}.Release|Any CPU.ActiveCfg = Release|Any CPU
		{447CB744-AE5C-4B99-B80E-8323638AC7E1}.Release|Any CPU.Build.0 = Release|Any CPU
	EndGlobalSection
	GlobalSection(SolutionProperties) = preSolution
		HideSolutionNode = FALSE
	EndGlobalSection
	GlobalSection(ExtensibilityGlobals) = postSolution
		SolutionGuid = {A94D8284-BA8A-4A82-9654-734094497E13}
	EndGlobalSection
EndGlobal
